
Microsoft Visual Studio Solution File, Format Version 12.00
# Visual Studio Version 16
VisualStudioVersion = 16.0.30523.141
MinimumVisualStudioVersion = 10.0.40219.1
Project("{8BC9CEB8-8B4A-11D0-8D11-00A0C91BC942}") = "优先级队列SeqPriorityQueue", "优先级队列SeqPriorityQueue.vcxproj", "{98C9E5AF-FD18-46E0-B5F1-F671EDA004C0}"
EndProject
Global
	GlobalSection(SolutionConfigurationPlatforms) = preSolution
		Debug|x64 = Debug|x64
		Debug|x86 = Debug|x86
		Release|x64 = Release|x64
		Release|x86 = Release|x86
	EndGlobalSection
	GlobalSection(ProjectConfigurationPlatforms) = postSolution
		{98C9E5AF-FD18-46E0-B5F1-F671EDA004C0}.Debug|x64.ActiveCfg = Debug|x64
		{98C9E5AF-FD18-46E0-B5F1-F671EDA004C0}.Debug|x64.Build.0 = Debug|x64
		{98C9E5AF-FD18-46E0-B5F1-F671EDA004C0}.Debug|x86.ActiveCfg = Debug|Win32
		{98C9E5AF-FD18-46E0-B5F1-F671EDA004C0}.Debug|x86.Build.0 = Debug|Win32
		{98C9E5AF-FD18-46E0-B5F1-F671EDA004C0}.Release|x64.ActiveCfg = Release|x64
		{98C9E5AF-FD18-46E0-B5F1-F671EDA004C0}.Release|x64.Build.0 = Release|x64
		{98C9E5AF-FD18-46E0-B5F1-F671EDA004C0}.Release|x86.ActiveCfg = Release|Win32
		{98C9E5AF-FD18-46E0-B5F1-F671EDA004C0}.Release|x86.Build.0 = Release|Win32
	EndGlobalSection
	GlobalSection(SolutionProperties) = preSolution
		HideSolutionNode = FALSE
	EndGlobalSection
	GlobalSection(ExtensibilityGlobals) = postSolution
		SolutionGuid = {BDE486B2-459F-4B79-933A-31A74BE4A423}
	EndGlobalSection
EndGlobal
